<?xml version="1.0" encoding="utf-8"?>
<Project ToolsVersion="4.0" xmlns="http://schemas.microsoft.com/developer/msbuild/2003">
  <ItemGroup>
    <Filter Include="Input">
      <UniqueIdentifier>{51298f14-a432-4527-be34-5f44a6f0deb7}</UniqueIdentifier>
    </Filter>
    <Filter Include="Graphics">
      <UniqueIdentifier>{3f1a48cb-2918-413a-a449-804f48480b6d}</UniqueIdentifier>
    </Filter>
    <Filter Include="Assets">
      <UniqueIdentifier>{1db9b687-8c5c-413d-8ef1-1aaecba420e9}</UniqueIdentifier>
    </Filter>
    <Filter Include="Engine">
      <UniqueIdentifier>{cca22c62-a0fd-4972-8960-02088bcc23ca}</UniqueIdentifier>
    </Filter>
    <Filter Include="Game">
      <UniqueIdentifier>{7745b15e-8be1-400c-96a9-eb92b671ae70}</UniqueIdentifier>
    </Filter>
    <Filter Include="Game\World">
      <UniqueIdentifier>{6dbbc4da-81ba-429b-a066-98603a274dad}</UniqueIdentifier>
    </Filter>
    <Filter Include="Externals">
      <UniqueIdentifier>{529b05db-cff1-457b-8dda-a8d5948ec766}</UniqueIdentifier>
    </Filter>
    <Filter Include="Graphics\low">
      <UniqueIdentifier>{ef0ab3aa-384f-472d-ad8e-25b766e5fce2}</UniqueIdentifier>
    </Filter>
    <Filter Include="Graphics\high">
      <UniqueIdentifier>{d8d1b7c0-5498-4b27-b921-0a74c0dccd92}</UniqueIdentifier>
    </Filter>
    <Filter Include="Game\Structures">
      <UniqueIdentifier>{7d174ef7-41ec-4901-87bc-ad30292042b3}</UniqueIdentifier>
    </Filter>
  </ItemGroup>
  <ItemGroup>
    <ClInclude Include="$(MSBuildThisFileDirectory)..\IInput.h">
      <Filter>Input</Filter>
    </ClInclude>
    <ClInclude Include="$(MSBuildThisFileDirectory)Transform.h">
      <Filter>Engine</Filter>
    </ClInclude>
    <ClInclude Include="$(MSBuildThisFileDirectory)Player.h">
      <Filter>Game</Filter>
    </ClInclude>
    <ClInclude Include="$(MSBuildThisFileDirectory)Gameobject.h">
      <Filter>Engine</Filter>
    </ClInclude>
    <ClInclude Include="$(MSBuildThisFileDirectory)Entity.h">
      <Filter>Engine</Filter>
    </ClInclude>
    <ClInclude Include="$(MSBuildThisFileDirectory)Chunk.h">
      <Filter>Game\World</Filter>
    </ClInclude>
    <ClInclude Include="$(MSBuildThisFileDirectory)..\Input.h">
      <Filter>Input</Filter>
    </ClInclude>
    <ClInclude Include="$(MSBuildThisFileDirectory)Random.h">
      <Filter>Engine</Filter>
    </ClInclude>
    <ClInclude Include="$(MSBuildThisFileDirectory)Block.h">
      <Filter>Game\World</Filter>
    </ClInclude>
    <ClInclude Include="$(MSBuildThisFileDirectory)BlocksDatabase.h">
      <Filter>Game\World</Filter>
    </ClInclude>
    <ClInclude Include="$(MSBuildThisFileDirectory)BlockData.h">
      <Filter>Game\World</Filter>
    </ClInclude>
    <ClInclude Include="$(MSBuildThisFileDirectory)World.h">
      <Filter>Game\World</Filter>
    </ClInclude>
    <ClInclude Include="$(MSBuildThisFileDirectory)IPoolable.h">
      <Filter>Engine</Filter>
    </ClInclude>
    <ClInclude Include="$(MSBuildThisFileDirectory)..\PerlinNoise.hpp">
      <Filter>Engine</Filter>
    </ClInclude>
    <ClInclude Include="$(MSBuildThisFileDirectory)..\stb_image\stb_image.h">
      <Filter>Externals</Filter>
    </ClInclude>
    <ClInclude Include="$(MSBuildThisFileDirectory)..\tiny_obj_loader.h">
      <Filter>Externals</Filter>
    </ClInclude>
    <ClInclude Include="$(MSBuildThisFileDirectory)commons.h">
      <Filter>Engine</Filter>
    </ClInclude>
    <ClInclude Include="$(MSBuildThisFileDirectory)..\Game.h">
      <Filter>Game</Filter>
    </ClInclude>
    <ClInclude Include="$(MSBuildThisFileDirectory)ElementBuffer.h">
      <Filter>Graphics\low</Filter>
    </ClInclude>
    <ClInclude Include="$(MSBuildThisFileDirectory)BufferLayout.h">
      <Filter>Graphics\low</Filter>
    </ClInclude>
    <ClInclude Include="$(MSBuildThisFileDirectory)VertexBuffer.h">
      <Filter>Graphics\low</Filter>
    </ClInclude>
    <ClInclude Include="$(MSBuildThisFileDirectory)TextureAtlas.h">
      <Filter>Graphics\low</Filter>
    </ClInclude>
    <ClInclude Include="$(MSBuildThisFileDirectory)Shader.h">
      <Filter>Graphics\low</Filter>
    </ClInclude>
    <ClInclude Include="$(MSBuildThisFileDirectory)Program.h">
      <Filter>Graphics\low</Filter>
    </ClInclude>
    <ClInclude Include="$(MSBuildThisFileDirectory)glh.h">
      <Filter>Graphics\low</Filter>
    </ClInclude>
    <ClInclude Include="$(MSBuildThisFileDirectory)Camera.h">
      <Filter>Graphics\high</Filter>
    </ClInclude>
    <ClInclude Include="$(MSBuildThisFileDirectory)Gizmos.h">
      <Filter>Graphics\high</Filter>
    </ClInclude>
    <ClInclude Include="$(MSBuildThisFileDirectory)..\IGraphics.h">
      <Filter>Graphics\high</Filter>
    </ClInclude>
    <ClInclude Include="$(MSBuildThisFileDirectory)IRenderable.h">
      <Filter>Graphics\high</Filter>
    </ClInclude>
    <ClInclude Include="$(MSBuildThisFileDirectory)Mesh.h">
      <Filter>Graphics\high</Filter>
    </ClInclude>
    <ClInclude Include="$(MSBuildThisFileDirectory)MeshRenderer.h">
      <Filter>Graphics\high</Filter>
    </ClInclude>
    <ClInclude Include="$(MSBuildThisFileDirectory)Renderer.h">
      <Filter>Graphics\high</Filter>
    </ClInclude>
    <ClInclude Include="$(MSBuildThisFileDirectory)RenderRequest.h">
      <Filter>Graphics\high</Filter>
    </ClInclude>
    <ClInclude Include="$(MSBuildThisFileDirectory)Vertex.h">
      <Filter>Graphics\high</Filter>
    </ClInclude>
    <ClInclude Include="$(MSBuildThisFileDirectory)SafeQueue.h">
      <Filter>Engine</Filter>
    </ClInclude>
    <ClInclude Include="$(MSBuildThisFileDirectory)Ray.h">
      <Filter>Engine</Filter>
    </ClInclude>
    <ClInclude Include="$(MSBuildThisFileDirectory)amath.h">
      <Filter>Engine</Filter>
    </ClInclude>
    <ClInclude Include="$(MSBuildThisFileDirectory)..\ImGui-master\imconfig.h">
      <Filter>Externals</Filter>
    </ClInclude>
    <ClInclude Include="$(MSBuildThisFileDirectory)..\ImGui-master\imgui.h">
      <Filter>Externals</Filter>
    </ClInclude>
    <ClInclude Include="$(MSBuildThisFileDirectory)..\ImGui-master\imstb_rectpack.h">
      <Filter>Externals</Filter>
    </ClInclude>
    <ClInclude Include="$(MSBuildThisFileDirectory)..\ImGui-master\imstb_textedit.h">
      <Filter>Externals</Filter>
    </ClInclude>
    <ClInclude Include="$(MSBuildThisFileDirectory)..\ImGui-master\imstb_truetype.h">
      <Filter>Externals</Filter>
    </ClInclude>
    <ClInclude Include="$(MSBuildThisFileDirectory)..\ImGui-master\backends\imgui_impl_opengl3.h">
      <Filter>Externals</Filter>
    </ClInclude>
    <ClInclude Include="$(MSBuildThisFileDirectory)..\ImGui-master\backends\imgui_impl_opengl3_loader.h">
      <Filter>Externals</Filter>
    </ClInclude>
    <ClInclude Include="$(MSBuildThisFileDirectory)StructureGenerator.h">
      <Filter>Game\Structures</Filter>
    </ClInclude>
    <ClInclude Include="$(MSBuildThisFileDirectory)StructureData.h">
      <Filter>Game\Structures</Filter>
    </ClInclude>
    <ClInclude Include="$(MSBuildThisFileDirectory)RendererHelper.h">
      <Filter>Graphics\high</Filter>
    </ClInclude>
    <ClInclude Include="$(MSBuildThisFileDirectory)..\ImGui-master\imgui_internal.h">
      <Filter>Engine</Filter>
    </ClInclude>
    <ClInclude Include="$(MSBuildThisFileDirectory)OpenGLDebug.h">
      <Filter>Graphics\high</Filter>
    </ClInclude>
    <ClInclude Include="$(MSBuildThisFileDirectory)BlockCompositeMesh.h">
      <Filter>Graphics\high</Filter>
    </ClInclude>
    <ClInclude Include="$(MSBuildThisFileDirectory)ChunkCompositeMesh.h">
      <Filter>Graphics\high</Filter>
    </ClInclude>
    <ClInclude Include="$(MSBuildThisFileDirectory)CompositeMesh.h">
      <Filter>Graphics\high</Filter>
    </ClInclude>
    <ClInclude Include="$(MSBuildThisFileDirectory)Face.h">
      <Filter>Graphics\high</Filter>
    </ClInclude>
    <ClInclude Include="$(MSBuildThisFileDirectory)GeomContext.h">
      <Filter>Graphics\high</Filter>
    </ClInclude>
    <ClInclude Include="$(MSBuildThisFileDirectory)BaseDebug.h">
      <Filter>Graphics\low</Filter>
    </ClInclude>
    <ClInclude Include="$(MSBuildThisFileDirectory)WorldGen.h">
      <Filter>Game\World</Filter>
    </ClInclude>
    <ClInclude Include="$(MSBuildThisFileDirectory)RemeshRequest.h" />
  </ItemGroup>
  <ItemGroup>
    <ClCompile Include="$(MSBuildThisFileDirectory)..\Input.cpp">
      <Filter>Input</Filter>
    </ClCompile>
    <ClCompile Include="$(MSBuildThisFileDirectory)Transform.cpp">
      <Filter>Engine</Filter>
    </ClCompile>
    <ClCompile Include="$(MSBuildThisFileDirectory)Gameobject.cpp">
      <Filter>Engine</Filter>
    </ClCompile>
    <ClCompile Include="$(MSBuildThisFileDirectory)Player.cpp">
      <Filter>Game</Filter>
    </ClCompile>
    <ClCompile Include="$(MSBuildThisFileDirectory)Chunk.cpp">
      <Filter>Game\World</Filter>
    </ClCompile>
    <ClCompile Include="$(MSBuildThisFileDirectory)Block.cpp">
      <Filter>Game\World</Filter>
    </ClCompile>
    <ClCompile Include="$(MSBuildThisFileDirectory)BlockData.cpp">
      <Filter>Game\World</Filter>
    </ClCompile>
    <ClCompile Include="$(MSBuildThisFileDirectory)BlocksDatabase.cpp">
      <Filter>Game\World</Filter>
    </ClCompile>
    <ClCompile Include="$(MSBuildThisFileDirectory)World.cpp">
      <Filter>Game\World</Filter>
    </ClCompile>
    <ClCompile Include="$(MSBuildThisFileDirectory)Random.cpp">
      <Filter>Engine</Filter>
    </ClCompile>
    <ClCompile Include="$(MSBuildThisFileDirectory)commons.cpp">
      <Filter>Engine</Filter>
    </ClCompile>
    <ClCompile Include="$(MSBuildThisFileDirectory)..\stb_image_impl.cpp">
      <Filter>Externals</Filter>
    </ClCompile>
    <ClCompile Include="$(MSBuildThisFileDirectory)..\Game.cpp">
      <Filter>Game</Filter>
    </ClCompile>
    <ClCompile Include="$(MSBuildThisFileDirectory)ElementBuffer.cpp">
      <Filter>Graphics\low</Filter>
    </ClCompile>
    <ClCompile Include="$(MSBuildThisFileDirectory)TextureAtlas.cpp">
      <Filter>Graphics\low</Filter>
    </ClCompile>
    <ClCompile Include="$(MSBuildThisFileDirectory)Shader.cpp">
      <Filter>Graphics\low</Filter>
    </ClCompile>
    <ClCompile Include="$(MSBuildThisFileDirectory)Program.cpp">
      <Filter>Graphics\low</Filter>
    </ClCompile>
    <ClCompile Include="$(MSBuildThisFileDirectory)Camera.cpp">
      <Filter>Graphics\high</Filter>
    </ClCompile>
    <ClCompile Include="$(MSBuildThisFileDirectory)Gizmos.cpp">
      <Filter>Graphics\high</Filter>
    </ClCompile>
    <ClCompile Include="$(MSBuildThisFileDirectory)Mesh.cpp">
      <Filter>Graphics\high</Filter>
    </ClCompile>
    <ClCompile Include="$(MSBuildThisFileDirectory)Renderer.tpp">
      <Filter>Graphics\high</Filter>
    </ClCompile>
    <ClCompile Include="$(MSBuildThisFileDirectory)..\ImGui-master\imgui.cpp">
      <Filter>Externals</Filter>
    </ClCompile>
    <ClCompile Include="$(MSBuildThisFileDirectory)..\ImGui-master\imgui_demo.cpp">
      <Filter>Externals</Filter>
    </ClCompile>
    <ClCompile Include="$(MSBuildThisFileDirectory)..\ImGui-master\imgui_draw.cpp">
      <Filter>Externals</Filter>
    </ClCompile>
    <ClCompile Include="$(MSBuildThisFileDirectory)..\ImGui-master\imgui_tables.cpp">
      <Filter>Externals</Filter>
    </ClCompile>
    <ClCompile Include="$(MSBuildThisFileDirectory)..\ImGui-master\imgui_widgets.cpp">
      <Filter>Externals</Filter>
    </ClCompile>
    <ClCompile Include="$(MSBuildThisFileDirectory)..\ImGui-master\backends\imgui_impl_opengl3.cpp">
      <Filter>Externals</Filter>
    </ClCompile>
    <ClCompile Include="$(MSBuildThisFileDirectory)RendererHelper.cpp">
      <Filter>Graphics\high</Filter>
    </ClCompile>
    <ClCompile Include="$(MSBuildThisFileDirectory)Ray.cpp">
      <Filter>Engine</Filter>
    </ClCompile>
    <ClCompile Include="$(MSBuildThisFileDirectory)amath.cpp">
      <Filter>Engine</Filter>
    </ClCompile>
    <ClCompile Include="$(MSBuildThisFileDirectory)OpenGLDebug.cpp">
      <Filter>Graphics\high</Filter>
    </ClCompile>
    <ClCompile Include="$(MSBuildThisFileDirectory)BaseDebug.cpp">
      <Filter>Graphics\low</Filter>
    </ClCompile>
    <ClCompile Include="$(MSBuildThisFileDirectory)WorldGen.cpp">
      <Filter>Game\World</Filter>
    </ClCompile>
    <ClCompile Include="$(MSBuildThisFileDirectory)RemeshRequest.cpp" />
  </ItemGroup>
  <ItemGroup>
    <None Include="$(MSBuildThisFileDirectory)..\Assets\Models\brian_01.mtl">
      <Filter>Assets</Filter>
    </None>
    <None Include="$(MSBuildThisFileDirectory)..\Assets\Models\brian_02.mtl">
      <Filter>Assets</Filter>
    </None>
    <None Include="$(MSBuildThisFileDirectory)..\Assets\Models\brian_03.mtl">
      <Filter>Assets</Filter>
    </None>
    <None Include="$(MSBuildThisFileDirectory)..\Assets\Shaders\default.frag">
      <Filter>Assets</Filter>
    </None>
    <None Include="$(MSBuildThisFileDirectory)..\Assets\Shaders\default.vert">
      <Filter>Assets</Filter>
    </None>
    <None Include="$(MSBuildThisFileDirectory)..\Assets\Shaders\test.frag">
      <Filter>Assets</Filter>
    </None>
    <None Include="$(MSBuildThisFileDirectory)..\Assets\Shaders\test.vert">
      <Filter>Assets</Filter>
    </None>
    <None Include="$(MSBuildThisFileDirectory)MeshRenderer.tpp">
      <Filter>Graphics\high</Filter>
    </None>
    <None Include="$(MSBuildThisFileDirectory)RenderRequest.tpp">
      <Filter>Graphics\high</Filter>
    </None>
  </ItemGroup>
  <ItemGroup>
    <Object Include="$(MSBuildThisFileDirectory)..\Assets\Models\brian_02.obj">
      <Filter>Assets</Filter>
    </Object>
    <Object Include="$(MSBuildThisFileDirectory)..\Assets\Models\brian_03.obj">
      <Filter>Assets</Filter>
    </Object>
    <Object Include="$(MSBuildThisFileDirectory)..\Assets\Models\brian_01.obj">
      <Filter>Assets</Filter>
    </Object>
  </ItemGroup>
  <ItemGroup>
    <Image Include="$(MSBuildThisFileDirectory)..\Assets\Models\brian_01.png">
      <Filter>Assets</Filter>
    </Image>
    <Image Include="$(MSBuildThisFileDirectory)..\Assets\Models\brian_01_em.png">
      <Filter>Assets</Filter>
    </Image>
    <Image Include="$(MSBuildThisFileDirectory)..\Assets\Models\brian_02.png">
      <Filter>Assets</Filter>
    </Image>
    <Image Include="$(MSBuildThisFileDirectory)..\Assets\Models\brian_02_em.png">
      <Filter>Assets</Filter>
    </Image>
    <Image Include="$(MSBuildThisFileDirectory)..\Assets\Models\brian_03.png">
      <Filter>Assets</Filter>
    </Image>
    <Image Include="$(MSBuildThisFileDirectory)..\Assets\Models\brian_03_em.png">
      <Filter>Assets</Filter>
    </Image>
    <Image Include="$(MSBuildThisFileDirectory)..\Assets\Textures\atlas.png">
      <Filter>Assets</Filter>
    </Image>
  </ItemGroup>
</Project>